
Microsoft Visual Studio Solution File, Format Version 12.00
# Visual Studio Version 17
VisualStudioVersion = 17.6.33801.468
MinimumVisualStudioVersion = 10.0.40219.1
Project("{FAE04EC0-301F-11D3-BF4B-00C04F79EFBC}") = "StudentAPI", "StudentAPI\StudentAPI.csproj", "{8D2DC81B-0B7F-4AB5-9065-C11127316EE4}"
EndProject
Global
	GlobalSection(SolutionConfigurationPlatforms) = preSolution
		Debug|Any CPU = Debug|Any CPU
		Release|Any CPU = Release|Any CPU
	EndGlobalSection
	GlobalSection(ProjectConfigurationPlatforms) = postSolution
		{8D2DC81B-0B7F-4AB5-9065-C11127316EE4}.Debug|Any CPU.ActiveCfg = Debug|Any CPU
		{8D2DC81B-0B7F-4AB5-9065-C11127316EE4}.Debug|Any CPU.Build.0 = Debug|Any CPU
		{8D2DC81B-0B7F-4AB5-9065-C11127316EE4}.Release|Any CPU.ActiveCfg = Release|Any CPU
		{8D2DC81B-0B7F-4AB5-9065-C11127316EE4}.Release|Any CPU.Build.0 = Release|Any CPU
	EndGlobalSection
	GlobalSection(SolutionProperties) = preSolution
		HideSolutionNode = FALSE
	EndGlobalSection
	GlobalSection(ExtensibilityGlobals) = postSolution
		SolutionGuid = {200A8261-396F-4526-BE01-6AA7E8C68B86}
	EndGlobalSection
EndGlobal
